
Microsoft Visual Studio Solution File, Format Version 12.00
# Visual Studio Version 17
VisualStudioVersion = 17.14.36511.14 d17.14
MinimumVisualStudioVersion = 10.0.40219.1
Project("{FAE04EC0-301F-11D3-BF4B-00C04F79EFBC}") = "GrootsteGetal", "GrootsteGetal\GrootsteGetal.csproj", "{16D491C4-9187-4175-9DC1-1E63D0DC8D18}"
EndProject
Global
	GlobalSection(SolutionConfigurationPlatforms) = preSolution
		Debug|Any CPU = Debug|Any CPU
		Release|Any CPU = Release|Any CPU
	EndGlobalSection
	GlobalSection(ProjectConfigurationPlatforms) = postSolution
		{16D491C4-9187-4175-9DC1-1E63D0DC8D18}.Debug|Any CPU.ActiveCfg = Debug|Any CPU
		{16D491C4-9187-4175-9DC1-1E63D0DC8D18}.Debug|Any CPU.Build.0 = Debug|Any CPU
		{16D491C4-9187-4175-9DC1-1E63D0DC8D18}.Release|Any CPU.ActiveCfg = Release|Any CPU
		{16D491C4-9187-4175-9DC1-1E63D0DC8D18}.Release|Any CPU.Build.0 = Release|Any CPU
	EndGlobalSection
	GlobalSection(SolutionProperties) = preSolution
		HideSolutionNode = FALSE
	EndGlobalSection
	GlobalSection(ExtensibilityGlobals) = postSolution
		SolutionGuid = {C5AB01E3-9F64-4F56-A510-A17D3039BCC1}
	EndGlobalSection
EndGlobal
