
Microsoft Visual Studio Solution File, Format Version 12.00
# Visual Studio Version 17
VisualStudioVersion = 17.14.36705.20 d17.14
MinimumVisualStudioVersion = 10.0.40219.1
Project("{FAE04EC0-301F-11D3-BF4B-00C04F79EFBC}") = "SliderProject", "SliderProject\SliderProject.csproj", "{CFEC9EDD-842D-403B-B98C-0C224CAEE632}"
EndProject
Global
	GlobalSection(SolutionConfigurationPlatforms) = preSolution
		Debug|Any CPU = Debug|Any CPU
		Release|Any CPU = Release|Any CPU
	EndGlobalSection
	GlobalSection(ProjectConfigurationPlatforms) = postSolution
		{CFEC9EDD-842D-403B-B98C-0C224CAEE632}.Debug|Any CPU.ActiveCfg = Debug|Any CPU
		{CFEC9EDD-842D-403B-B98C-0C224CAEE632}.Debug|Any CPU.Build.0 = Debug|Any CPU
		{CFEC9EDD-842D-403B-B98C-0C224CAEE632}.Release|Any CPU.ActiveCfg = Release|Any CPU
		{CFEC9EDD-842D-403B-B98C-0C224CAEE632}.Release|Any CPU.Build.0 = Release|Any CPU
	EndGlobalSection
	GlobalSection(SolutionProperties) = preSolution
		HideSolutionNode = FALSE
	EndGlobalSection
	GlobalSection(ExtensibilityGlobals) = postSolution
		SolutionGuid = {5DCE79C3-F9C0-465C-9CED-67E69BB05E6A}
	EndGlobalSection
EndGlobal
