
Microsoft Visual Studio Solution File, Format Version 12.00
# Visual Studio Version 17
VisualStudioVersion = 17.14.36518.9 d17.14
MinimumVisualStudioVersion = 10.0.40219.1
Project("{FAE04EC0-301F-11D3-BF4B-00C04F79EFBC}") = "pickaxePart2", "pickaxePart2\pickaxePart2.csproj", "{97F6F8B6-BDD4-41BD-9927-1076CA998704}"
EndProject
Global
	GlobalSection(SolutionConfigurationPlatforms) = preSolution
		Debug|Any CPU = Debug|Any CPU
		Release|Any CPU = Release|Any CPU
	EndGlobalSection
	GlobalSection(ProjectConfigurationPlatforms) = postSolution
		{97F6F8B6-BDD4-41BD-9927-1076CA998704}.Debug|Any CPU.ActiveCfg = Debug|Any CPU
		{97F6F8B6-BDD4-41BD-9927-1076CA998704}.Debug|Any CPU.Build.0 = Debug|Any CPU
		{97F6F8B6-BDD4-41BD-9927-1076CA998704}.Release|Any CPU.ActiveCfg = Release|Any CPU
		{97F6F8B6-BDD4-41BD-9927-1076CA998704}.Release|Any CPU.Build.0 = Release|Any CPU
	EndGlobalSection
	GlobalSection(SolutionProperties) = preSolution
		HideSolutionNode = FALSE
	EndGlobalSection
	GlobalSection(ExtensibilityGlobals) = postSolution
		SolutionGuid = {3CA35070-E147-42AC-A87E-449C37A177AE}
	EndGlobalSection
EndGlobal
