
Microsoft Visual Studio Solution File, Format Version 12.00
# Visual Studio Version 17
VisualStudioVersion = 17.14.36705.20 d17.14
MinimumVisualStudioVersion = 10.0.40219.1
Project("{FAE04EC0-301F-11D3-BF4B-00C04F79EFBC}") = "FitLifeDebugging", "FitLifeDebugging\FitLifeDebugging.csproj", "{2DBD90EF-8137-4579-9C02-6367F93AFE8B}"
EndProject
Global
	GlobalSection(SolutionConfigurationPlatforms) = preSolution
		Debug|Any CPU = Debug|Any CPU
		Release|Any CPU = Release|Any CPU
	EndGlobalSection
	GlobalSection(ProjectConfigurationPlatforms) = postSolution
		{2DBD90EF-8137-4579-9C02-6367F93AFE8B}.Debug|Any CPU.ActiveCfg = Debug|Any CPU
		{2DBD90EF-8137-4579-9C02-6367F93AFE8B}.Debug|Any CPU.Build.0 = Debug|Any CPU
		{2DBD90EF-8137-4579-9C02-6367F93AFE8B}.Release|Any CPU.ActiveCfg = Release|Any CPU
		{2DBD90EF-8137-4579-9C02-6367F93AFE8B}.Release|Any CPU.Build.0 = Release|Any CPU
	EndGlobalSection
	GlobalSection(SolutionProperties) = preSolution
		HideSolutionNode = FALSE
	EndGlobalSection
	GlobalSection(ExtensibilityGlobals) = postSolution
		SolutionGuid = {E0B8CAD7-45AE-4EFE-B210-8F6B314363E0}
	EndGlobalSection
EndGlobal
