
Microsoft Visual Studio Solution File, Format Version 12.00
# Visual Studio Version 17
VisualStudioVersion = 17.14.36511.14 d17.14
MinimumVisualStudioVersion = 10.0.40219.1
Project("{FAE04EC0-301F-11D3-BF4B-00C04F79EFBC}") = "Intro", "Intro\Intro.csproj", "{80CF0E81-102C-40A2-816E-CF58FB7BE37B}"
EndProject
Global
	GlobalSection(SolutionConfigurationPlatforms) = preSolution
		Debug|Any CPU = Debug|Any CPU
		Release|Any CPU = Release|Any CPU
	EndGlobalSection
	GlobalSection(ProjectConfigurationPlatforms) = postSolution
		{80CF0E81-102C-40A2-816E-CF58FB7BE37B}.Debug|Any CPU.ActiveCfg = Debug|Any CPU
		{80CF0E81-102C-40A2-816E-CF58FB7BE37B}.Debug|Any CPU.Build.0 = Debug|Any CPU
		{80CF0E81-102C-40A2-816E-CF58FB7BE37B}.Release|Any CPU.ActiveCfg = Release|Any CPU
		{80CF0E81-102C-40A2-816E-CF58FB7BE37B}.Release|Any CPU.Build.0 = Release|Any CPU
	EndGlobalSection
	GlobalSection(SolutionProperties) = preSolution
		HideSolutionNode = FALSE
	EndGlobalSection
	GlobalSection(ExtensibilityGlobals) = postSolution
		SolutionGuid = {D3631F05-B21E-4268-A367-EA464E379D7B}
	EndGlobalSection
EndGlobal
