
Microsoft Visual Studio Solution File, Format Version 12.00
# Visual Studio Version 17
VisualStudioVersion = 17.14.36511.14 d17.14
MinimumVisualStudioVersion = 10.0.40219.1
Project("{FAE04EC0-301F-11D3-BF4B-00C04F79EFBC}") = "ZeSmeltenDePaasHaas", "ZeSmeltenDePaasHaas\ZeSmeltenDePaasHaas.csproj", "{D7E2C81B-2673-4F03-A991-A9250E309796}"
EndProject
Global
	GlobalSection(SolutionConfigurationPlatforms) = preSolution
		Debug|Any CPU = Debug|Any CPU
		Release|Any CPU = Release|Any CPU
	EndGlobalSection
	GlobalSection(ProjectConfigurationPlatforms) = postSolution
		{D7E2C81B-2673-4F03-A991-A9250E309796}.Debug|Any CPU.ActiveCfg = Debug|Any CPU
		{D7E2C81B-2673-4F03-A991-A9250E309796}.Debug|Any CPU.Build.0 = Debug|Any CPU
		{D7E2C81B-2673-4F03-A991-A9250E309796}.Release|Any CPU.ActiveCfg = Release|Any CPU
		{D7E2C81B-2673-4F03-A991-A9250E309796}.Release|Any CPU.Build.0 = Release|Any CPU
	EndGlobalSection
	GlobalSection(SolutionProperties) = preSolution
		HideSolutionNode = FALSE
	EndGlobalSection
	GlobalSection(ExtensibilityGlobals) = postSolution
		SolutionGuid = {B6BE83E0-C21E-4A21-876B-53DD526EE376}
	EndGlobalSection
EndGlobal
