
Microsoft Visual Studio Solution File, Format Version 12.00
# Visual Studio Version 17
VisualStudioVersion = 17.14.36705.20 d17.14
MinimumVisualStudioVersion = 10.0.40219.1
Project("{FAE04EC0-301F-11D3-BF4B-00C04F79EFBC}") = "DemoIntroWPF", "DemoIntroWPF\DemoIntroWPF.csproj", "{5106B129-9F61-40CE-831D-BEFADA305A06}"
EndProject
Global
	GlobalSection(SolutionConfigurationPlatforms) = preSolution
		Debug|Any CPU = Debug|Any CPU
		Release|Any CPU = Release|Any CPU
	EndGlobalSection
	GlobalSection(ProjectConfigurationPlatforms) = postSolution
		{5106B129-9F61-40CE-831D-BEFADA305A06}.Debug|Any CPU.ActiveCfg = Debug|Any CPU
		{5106B129-9F61-40CE-831D-BEFADA305A06}.Debug|Any CPU.Build.0 = Debug|Any CPU
		{5106B129-9F61-40CE-831D-BEFADA305A06}.Release|Any CPU.ActiveCfg = Release|Any CPU
		{5106B129-9F61-40CE-831D-BEFADA305A06}.Release|Any CPU.Build.0 = Release|Any CPU
	EndGlobalSection
	GlobalSection(SolutionProperties) = preSolution
		HideSolutionNode = FALSE
	EndGlobalSection
	GlobalSection(ExtensibilityGlobals) = postSolution
		SolutionGuid = {7470810B-5AF5-465C-8E4C-BC2C56482BE9}
	EndGlobalSection
EndGlobal
